// !$*UTF8*$!
{
	archiveVersion = 1;
	classes = {
	};
	objectVersion = 50;
	objects = {

/* Begin PBXBuildFile section */
		4B8F69CC21F09A630074BFD1 /* AppDelegate.swift in Sources */ = {isa = PBXBuildFile; fileRef = 4B8F69CB21F09A630074BFD1 /* AppDelegate.swift */; };
		4B8F69D321F09A660074BFD1 /* Assets.xcassets in Resources */ = {isa = PBXBuildFile; fileRef = 4B8F69D221F09A660074BFD1 /* Assets.xcassets */; };
		4B8F69D621F09A660074BFD1 /* LaunchScreen.storyboard in Resources */ = {isa = PBXBuildFile; fileRef = 4B8F69D421F09A660074BFD1 /* LaunchScreen.storyboard */; };
		4B8F69E921F09E180074BFD1 /* MainViewController.swift in Sources */ = {isa = PBXBuildFile; fileRef = 4B8F69E721F09E180074BFD1 /* MainViewController.swift */; };
		4B8F69EA21F09E180074BFD1 /* MainViewController.xib in Resources */ = {isa = PBXBuildFile; fileRef = 4B8F69E821F09E180074BFD1 /* MainViewController.xib */; };
		4B8F69EC21F09E950074BFD1 /* DownloadService.swift in Sources */ = {isa = PBXBuildFile; fileRef = 4B8F69EB21F09E950074BFD1 /* DownloadService.swift */; };
		4B8F69EE21F09FF30074BFD1 /* Result.swift in Sources */ = {isa = PBXBuildFile; fileRef = 4B8F69ED21F09FF30074BFD1 /* Result.swift */; };
		E18819FAA75308E79C0410D8 /* Pods_PerpTestTask.framework in Frameworks */ = {isa = PBXBuildFile; fileRef = 3079AEF59D247C335A8A8F19 /* Pods_PerpTestTask.framework */; };
/* End PBXBuildFile section */

/* Begin PBXFileReference section */
		06F05A328666C1FF0B5F2445 /* Pods-PerpTestTask.debug.xcconfig */ = {isa = PBXFileReference; includeInIndex = 1; lastKnownFileType = text.xcconfig; name = "Pods-PerpTestTask.debug.xcconfig"; path = "Pods/Target Support Files/Pods-PerpTestTask/Pods-PerpTestTask.debug.xcconfig"; sourceTree = "<group>"; };
		3079AEF59D247C335A8A8F19 /* Pods_PerpTestTask.framework */ = {isa = PBXFileReference; explicitFileType = wrapper.framework; includeInIndex = 0; path = Pods_PerpTestTask.framework; sourceTree = BUILT_PRODUCTS_DIR; };
		44DA1F545ACA6AD038C1E422 /* Pods-PerpTestTask.release.xcconfig */ = {isa = PBXFileReference; includeInIndex = 1; lastKnownFileType = text.xcconfig; name = "Pods-PerpTestTask.release.xcconfig"; path = "Pods/Target Support Files/Pods-PerpTestTask/Pods-PerpTestTask.release.xcconfig"; sourceTree = "<group>"; };
		4B8F69C821F09A630074BFD1 /* PerpTestTask.app */ = {isa = PBXFileReference; explicitFileType = wrapper.application; includeInIndex = 0; path = PerpTestTask.app; sourceTree = BUILT_PRODUCTS_DIR; };
		4B8F69CB21F09A630074BFD1 /* AppDelegate.swift */ = {isa = PBXFileReference; lastKnownFileType = sourcecode.swift; path = AppDelegate.swift; sourceTree = "<group>"; };
		4B8F69D221F09A660074BFD1 /* Assets.xcassets */ = {isa = PBXFileReference; lastKnownFileType = folder.assetcatalog; path = Assets.xcassets; sourceTree = "<group>"; };
		4B8F69D521F09A660074BFD1 /* Base */ = {isa = PBXFileReference; lastKnownFileType = file.storyboard; name = Base; path = Base.lproj/LaunchScreen.storyboard; sourceTree = "<group>"; };
		4B8F69DF21F09CB40074BFD1 /* Info.plist */ = {isa = PBXFileReference; fileEncoding = 4; lastKnownFileType = text.plist.xml; path = Info.plist; sourceTree = "<group>"; };
		4B8F69E721F09E180074BFD1 /* MainViewController.swift */ = {isa = PBXFileReference; lastKnownFileType = sourcecode.swift; path = MainViewController.swift; sourceTree = "<group>"; };
		4B8F69E821F09E180074BFD1 /* MainViewController.xib */ = {isa = PBXFileReference; lastKnownFileType = file.xib; path = MainViewController.xib; sourceTree = "<group>"; };
		4B8F69EB21F09E950074BFD1 /* DownloadService.swift */ = {isa = PBXFileReference; lastKnownFileType = sourcecode.swift; path = DownloadService.swift; sourceTree = "<group>"; };
		4B8F69ED21F09FF30074BFD1 /* Result.swift */ = {isa = PBXFileReference; lastKnownFileType = sourcecode.swift; path = Result.swift; sourceTree = "<group>"; };
/* End PBXFileReference section */

/* Begin PBXFrameworksBuildPhase section */
		4B8F69C521F09A630074BFD1 /* Frameworks */ = {
			isa = PBXFrameworksBuildPhase;
			buildActionMask = 2147483647;
			files = (
				E18819FAA75308E79C0410D8 /* Pods_PerpTestTask.framework in Frameworks */,
			);
			runOnlyForDeploymentPostprocessing = 0;
		};
/* End PBXFrameworksBuildPhase section */

/* Begin PBXGroup section */
		0D3C17C6AB860D6B63F7E21E /* Pods */ = {
			isa = PBXGroup;
			children = (
				06F05A328666C1FF0B5F2445 /* Pods-PerpTestTask.debug.xcconfig */,
				44DA1F545ACA6AD038C1E422 /* Pods-PerpTestTask.release.xcconfig */,
			);
			name = Pods;
			sourceTree = "<group>";
		};
		4B8F69BF21F09A630074BFD1 = {
			isa = PBXGroup;
			children = (
				4B8F69CA21F09A630074BFD1 /* Source */,
				4B8F69C921F09A630074BFD1 /* Products */,
				0D3C17C6AB860D6B63F7E21E /* Pods */,
				9BE49341989F3702AF10428C /* Frameworks */,
			);
			sourceTree = "<group>";
		};
		4B8F69C921F09A630074BFD1 /* Products */ = {
			isa = PBXGroup;
			children = (
				4B8F69C821F09A630074BFD1 /* PerpTestTask.app */,
			);
			name = Products;
			sourceTree = "<group>";
		};
		4B8F69CA21F09A630074BFD1 /* Source */ = {
			isa = PBXGroup;
			children = (
				4B8F69DD21F09C6B0074BFD1 /* Application */,
				4B8F69E421F09CF70074BFD1 /* Utils */,
				4B8F69E521F09CFD0074BFD1 /* Networking */,
				4B8F69E321F09CF00074BFD1 /* Model */,
				4B8F69E121F09CDB0074BFD1 /* View */,
				4B8F69E221F09CE80074BFD1 /* ViewModel */,
			);
			path = Source;
			sourceTree = "<group>";
		};
		4B8F69DD21F09C6B0074BFD1 /* Application */ = {
			isa = PBXGroup;
			children = (
				4B8F69CB21F09A630074BFD1 /* AppDelegate.swift */,
				4B8F69DE21F09C760074BFD1 /* Supporting Files */,
			);
			path = Application;
			sourceTree = "<group>";
		};
		4B8F69DE21F09C760074BFD1 /* Supporting Files */ = {
			isa = PBXGroup;
			children = (
				4B8F69DF21F09CB40074BFD1 /* Info.plist */,
				4B8F69D421F09A660074BFD1 /* LaunchScreen.storyboard */,
				4B8F69D221F09A660074BFD1 /* Assets.xcassets */,
			);
			path = "Supporting Files";
			sourceTree = "<group>";
		};
		4B8F69E121F09CDB0074BFD1 /* View */ = {
			isa = PBXGroup;
			children = (
				4B8F69E621F09E0B0074BFD1 /* Main */,
			);
			path = View;
			sourceTree = "<group>";
		};
		4B8F69E221F09CE80074BFD1 /* ViewModel */ = {
			isa = PBXGroup;
			children = (
			);
			path = ViewModel;
			sourceTree = "<group>";
		};
		4B8F69E321F09CF00074BFD1 /* Model */ = {
			isa = PBXGroup;
			children = (
			);
			path = Model;
			sourceTree = "<group>";
		};
		4B8F69E421F09CF70074BFD1 /* Utils */ = {
			isa = PBXGroup;
			children = (
				4B8F69ED21F09FF30074BFD1 /* Result.swift */,
			);
			path = Utils;
			sourceTree = "<group>";
		};
		4B8F69E521F09CFD0074BFD1 /* Networking */ = {
			isa = PBXGroup;
			children = (
				4B8F69EB21F09E950074BFD1 /* DownloadService.swift */,
			);
			path = Networking;
			sourceTree = "<group>";
		};
		4B8F69E621F09E0B0074BFD1 /* Main */ = {
			isa = PBXGroup;
			children = (
				4B8F69E721F09E180074BFD1 /* MainViewController.swift */,
				4B8F69E821F09E180074BFD1 /* MainViewController.xib */,
			);
			path = Main;
			sourceTree = "<group>";
		};
		9BE49341989F3702AF10428C /* Frameworks */ = {
			isa = PBXGroup;
			children = (
				3079AEF59D247C335A8A8F19 /* Pods_PerpTestTask.framework */,
			);
			name = Frameworks;
			sourceTree = "<group>";
		};
/* End PBXGroup section */

/* Begin PBXNativeTarget section */
		4B8F69C721F09A630074BFD1 /* PerpTestTask */ = {
			isa = PBXNativeTarget;
			buildConfigurationList = 4B8F69DA21F09A660074BFD1 /* Build configuration list for PBXNativeTarget "PerpTestTask" */;
			buildPhases = (
				A5B40E7EDC47E7581052DA04 /* [CP] Check Pods Manifest.lock */,
				4B8F69C421F09A630074BFD1 /* Sources */,
				4B8F69C521F09A630074BFD1 /* Frameworks */,
				4B8F69C621F09A630074BFD1 /* Resources */,
				94A32A719F2328525B3D139C /* [CP] Embed Pods Frameworks */,
			);
			buildRules = (
			);
			dependencies = (
			);
			name = PerpTestTask;
			productName = PerpTestTask;
			productReference = 4B8F69C821F09A630074BFD1 /* PerpTestTask.app */;
			productType = "com.apple.product-type.application";
		};
/* End PBXNativeTarget section */

/* Begin PBXProject section */
		4B8F69C021F09A630074BFD1 /* Project object */ = {
			isa = PBXProject;
			attributes = {
				LastSwiftUpdateCheck = 1010;
				LastUpgradeCheck = 1010;
				ORGANIZATIONNAME = "Yurii Tsymbala";
				TargetAttributes = {
					4B8F69C721F09A630074BFD1 = {
						CreatedOnToolsVersion = 10.1;
					};
				};
			};
			buildConfigurationList = 4B8F69C321F09A630074BFD1 /* Build configuration list for PBXProject "PerpTestTask" */;
			compatibilityVersion = "Xcode 9.3";
			developmentRegion = en;
			hasScannedForEncodings = 0;
			knownRegions = (
				en,
				Base,
			);
			mainGroup = 4B8F69BF21F09A630074BFD1;
			productRefGroup = 4B8F69C921F09A630074BFD1 /* Products */;
			projectDirPath = "";
			projectRoot = "";
			targets = (
				4B8F69C721F09A630074BFD1 /* PerpTestTask */,
			);
		};
/* End PBXProject section */

/* Begin PBXResourcesBuildPhase section */
		4B8F69C621F09A630074BFD1 /* Resources */ = {
			isa = PBXResourcesBuildPhase;
			buildActionMask = 2147483647;
			files = (
				4B8F69D621F09A660074BFD1 /* LaunchScreen.storyboard in Resources */,
				4B8F69EA21F09E180074BFD1 /* MainViewController.xib in Resources */,
				4B8F69D321F09A660074BFD1 /* Assets.xcassets in Resources */,
			);
			runOnlyForDeploymentPostprocessing = 0;
		};
/* End PBXResourcesBuildPhase section */

/* Begin PBXShellScriptBuildPhase section */
		94A32A719F2328525B3D139C /* [CP] Embed Pods Frameworks */ = {
			isa = PBXShellScriptBuildPhase;
			buildActionMask = 2147483647;
			files = (
			);
			inputFileListPaths = (
			);
			inputPaths = (
				"${SRCROOT}/Pods/Target Support Files/Pods-PerpTestTask/Pods-PerpTestTask-frameworks.sh",
				"${BUILT_PRODUCTS_DIR}/RxAtomic/RxAtomic.framework",
				"${BUILT_PRODUCTS_DIR}/RxCocoa/RxCocoa.framework",
				"${BUILT_PRODUCTS_DIR}/RxSwift/RxSwift.framework",
			);
			name = "[CP] Embed Pods Frameworks";
			outputFileListPaths = (
			);
			outputPaths = (
				"${TARGET_BUILD_DIR}/${FRAMEWORKS_FOLDER_PATH}/RxAtomic.framework",
				"${TARGET_BUILD_DIR}/${FRAMEWORKS_FOLDER_PATH}/RxCocoa.framework",
				"${TARGET_BUILD_DIR}/${FRAMEWORKS_FOLDER_PATH}/RxSwift.framework",
			);
			runOnlyForDeploymentPostprocessing = 0;
			shellPath = /bin/sh;
			shellScript = "\"${SRCROOT}/Pods/Target Support Files/Pods-PerpTestTask/Pods-PerpTestTask-frameworks.sh\"\n";
			showEnvVarsInLog = 0;
		};
		A5B40E7EDC47E7581052DA04 /* [CP] Check Pods Manifest.lock */ = {
			isa = PBXShellScriptBuildPhase;
			buildActionMask = 2147483647;
			files = (
			);
			inputFileListPaths = (
			);
			inputPaths = (
				"${PODS_PODFILE_DIR_PATH}/Podfile.lock",
				"${PODS_ROOT}/Manifest.lock",
			);
			name = "[CP] Check Pods Manifest.lock";
			outputFileListPaths = (
			);
			outputPaths = (
				"$(DERIVED_FILE_DIR)/Pods-PerpTestTask-checkManifestLockResult.txt",
			);
			runOnlyForDeploymentPostprocessing = 0;
			shellPath = /bin/sh;
			shellScript = "diff \"${PODS_PODFILE_DIR_PATH}/Podfile.lock\" \"${PODS_ROOT}/Manifest.lock\" > /dev/null\nif [ $? != 0 ] ; then\n    # print error to STDERR\n    echo \"error: The sandbox is not in sync with the Podfile.lock. Run 'pod install' or update your CocoaPods installation.\" >&2\n    exit 1\nfi\n# This output is used by Xcode 'outputs' to avoid re-running this script phase.\necho \"SUCCESS\" > \"${SCRIPT_OUTPUT_FILE_0}\"\n";
			showEnvVarsInLog = 0;
		};
/* End PBXShellScriptBuildPhase section */

/* Begin PBXSourcesBuildPhase section */
		4B8F69C421F09A630074BFD1 /* Sources */ = {
			isa = PBXSourcesBuildPhase;
			buildActionMask = 2147483647;
			files = (
				4B8F69CC21F09A630074BFD1 /* AppDelegate.swift in Sources */,
				4B8F69E921F09E180074BFD1 /* MainViewController.swift in Sources */,
				4B8F69EE21F09FF30074BFD1 /* Result.swift in Sources */,
				4B8F69EC21F09E950074BFD1 /* DownloadService.swift in Sources */,
			);
			runOnlyForDeploymentPostprocessing = 0;
		};
/* End PBXSourcesBuildPhase section */

/* Begin PBXVariantGroup section */
		4B8F69D421F09A660074BFD1 /* LaunchScreen.storyboard */ = {
			isa = PBXVariantGroup;
			children = (
				4B8F69D521F09A660074BFD1 /* Base */,
			);
			name = LaunchScreen.storyboard;
			sourceTree = "<group>";
		};
/* End PBXVariantGroup section */

/* Begin XCBuildConfiguration section */
		4B8F69D821F09A660074BFD1 /* Debug */ = {
			isa = XCBuildConfiguration;
			buildSettings = {
				ALWAYS_SEARCH_USER_PATHS = NO;
				CLANG_ANALYZER_NONNULL = YES;
				CLANG_ANALYZER_NUMBER_OBJECT_CONVERSION = YES_AGGRESSIVE;
				CLANG_CXX_LANGUAGE_STANDARD = "gnu++14";
				CLANG_CXX_LIBRARY = "libc++";
				CLANG_ENABLE_MODULES = YES;
				CLANG_ENABLE_OBJC_ARC = YES;
				CLANG_ENABLE_OBJC_WEAK = YES;
				CLANG_WARN_BLOCK_CAPTURE_AUTORELEASING = YES;
				CLANG_WARN_BOOL_CONVERSION = YES;
				CLANG_WARN_COMMA = YES;
				CLANG_WARN_CONSTANT_CONVERSION = YES;
				CLANG_WARN_DEPRECATED_OBJC_IMPLEMENTATIONS = YES;
				CLANG_WARN_DIRECT_OBJC_ISA_USAGE = YES_ERROR;
				CLANG_WARN_DOCUMENTATION_COMMENTS = YES;
				CLANG_WARN_EMPTY_BODY = YES;
				CLANG_WARN_ENUM_CONVERSION = YES;
				CLANG_WARN_INFINITE_RECURSION = YES;
				CLANG_WARN_INT_CONVERSION = YES;
				CLANG_WARN_NON_LITERAL_NULL_CONVERSION = YES;
				CLANG_WARN_OBJC_IMPLICIT_RETAIN_SELF = YES;
				CLANG_WARN_OBJC_LITERAL_CONVERSION = YES;
				CLANG_WARN_OBJC_ROOT_CLASS = YES_ERROR;
				CLANG_WARN_RANGE_LOOP_ANALYSIS = YES;
				CLANG_WARN_STRICT_PROTOTYPES = YES;
				CLANG_WARN_SUSPICIOUS_MOVE = YES;
				CLANG_WARN_UNGUARDED_AVAILABILITY = YES_AGGRESSIVE;
				CLANG_WARN_UNREACHABLE_CODE = YES;
				CLANG_WARN__DUPLICATE_METHOD_MATCH = YES;
				CODE_SIGN_IDENTITY = "iPhone Developer";
				COPY_PHASE_STRIP = NO;
				DEBUG_INFORMATION_FORMAT = dwarf;
				ENABLE_STRICT_OBJC_MSGSEND = YES;
				ENABLE_TESTABILITY = YES;
				GCC_C_LANGUAGE_STANDARD = gnu11;
				GCC_DYNAMIC_NO_PIC = NO;
				GCC_NO_COMMON_BLOCKS = YES;
				GCC_OPTIMIZATION_LEVEL = 0;
				GCC_PREPROCESSOR_DEFINITIONS = (
					"DEBUG=1",
					"$(inherited)",
				);
				GCC_WARN_64_TO_32_BIT_CONVERSION = YES;
				GCC_WARN_ABOUT_RETURN_TYPE = YES_ERROR;
				GCC_WARN_UNDECLARED_SELECTOR = YES;
				GCC_WARN_UNINITIALIZED_AUTOS = YES_AGGRESSIVE;
				GCC_WARN_UNUSED_FUNCTION = YES;
				GCC_WARN_UNUSED_VARIABLE = YES;
				IPHONEOS_DEPLOYMENT_TARGET = 12.1;
				MTL_ENABLE_DEBUG_INFO = INCLUDE_SOURCE;
				MTL_FAST_MATH = YES;
				ONLY_ACTIVE_ARCH = YES;
				SDKROOT = iphoneos;
				SWIFT_ACTIVE_COMPILATION_CONDITIONS = DEBUG;
				SWIFT_OPTIMIZATION_LEVEL = "-Onone";
			};
			name = Debug;
		};
		4B8F69D921F09A660074BFD1 /* Release */ = {
			isa = XCBuildConfiguration;
			buildSettings = {
				ALWAYS_SEARCH_USER_PATHS = NO;
				CLANG_ANALYZER_NONNULL = YES;
				CLANG_ANALYZER_NUMBER_OBJECT_CONVERSION = YES_AGGRESSIVE;
				CLANG_CXX_LANGUAGE_STANDARD = "gnu++14";
				CLANG_CXX_LIBRARY = "libc++";
				CLANG_ENABLE_MODULES = YES;
				CLANG_ENABLE_OBJC_ARC = YES;
				CLANG_ENABLE_OBJC_WEAK = YES;
				CLANG_WARN_BLOCK_CAPTURE_AUTORELEASING = YES;
				CLANG_WARN_BOOL_CONVERSION = YES;
				CLANG_WARN_COMMA = YES;
				CLANG_WARN_CONSTANT_CONVERSION = YES;
				CLANG_WARN_DEPRECATED_OBJC_IMPLEMENTATIONS = YES;
				CLANG_WARN_DIRECT_OBJC_ISA_USAGE = YES_ERROR;
				CLANG_WARN_DOCUMENTATION_COMMENTS = YES;
				CLANG_WARN_EMPTY_BODY = YES;
				CLANG_WARN_ENUM_CONVERSION = YES;
				CLANG_WARN_INFINITE_RECURSION = YES;
				CLANG_WARN_INT_CONVERSION = YES;
				CLANG_WARN_NON_LITERAL_NULL_CONVERSION = YES;
				CLANG_WARN_OBJC_IMPLICIT_RETAIN_SELF = YES;
				CLANG_WARN_OBJC_LITERAL_CONVERSION = YES;
				CLANG_WARN_OBJC_ROOT_CLASS = YES_ERROR;
				CLANG_WARN_RANGE_LOOP_ANALYSIS = YES;
				CLANG_WARN_STRICT_PROTOTYPES = YES;
				CLANG_WARN_SUSPICIOUS_MOVE = YES;
				CLANG_WARN_UNGUARDED_AVAILABILITY = YES_AGGRESSIVE;
				CLANG_WARN_UNREACHABLE_CODE = YES;
				CLANG_WARN__DUPLICATE_METHOD_MATCH = YES;
				CODE_SIGN_IDENTITY = "iPhone Developer";
				COPY_PHASE_STRIP = NO;
				DEBUG_INFORMATION_FORMAT = "dwarf-with-dsym";
				ENABLE_NS_ASSERTIONS = NO;
				ENABLE_STRICT_OBJC_MSGSEND = YES;
				GCC_C_LANGUAGE_STANDARD = gnu11;
				GCC_NO_COMMON_BLOCKS = YES;
				GCC_WARN_64_TO_32_BIT_CONVERSION = YES;
				GCC_WARN_ABOUT_RETURN_TYPE = YES_ERROR;
				GCC_WARN_UNDECLARED_SELECTOR = YES;
				GCC_WARN_UNINITIALIZED_AUTOS = YES_AGGRESSIVE;
				GCC_WARN_UNUSED_FUNCTION = YES;
				GCC_WARN_UNUSED_VARIABLE = YES;
				IPHONEOS_DEPLOYMENT_TARGET = 12.1;
				MTL_ENABLE_DEBUG_INFO = NO;
				MTL_FAST_MATH = YES;
				SDKROOT = iphoneos;
				SWIFT_COMPILATION_MODE = wholemodule;
				SWIFT_OPTIMIZATION_LEVEL = "-O";
				VALIDATE_PRODUCT = YES;
			};
			name = Release;
		};
		4B8F69DB21F09A660074BFD1 /* Debug */ = {
			isa = XCBuildConfiguration;
			baseConfigurationReference = 06F05A328666C1FF0B5F2445 /* Pods-PerpTestTask.debug.xcconfig */;
			buildSettings = {
				ASSETCATALOG_COMPILER_APPICON_NAME = AppIcon;
				CODE_SIGN_STYLE = Automatic;
				DEVELOPMENT_TEAM = Y8CF7ZMY8K;
				INFOPLIST_FILE = "$(SRCROOT)/Source/Application/Supporting Files/Info.plist";
				IPHONEOS_DEPLOYMENT_TARGET = 11.0;
				LD_RUNPATH_SEARCH_PATHS = (
					"$(inherited)",
					"@executable_path/Frameworks",
				);
				PRODUCT_BUNDLE_IDENTIFIER = com.yurafloka.PerpTestTask;
				PRODUCT_NAME = "$(TARGET_NAME)";
				SWIFT_VERSION = 4.2;
				TARGETED_DEVICE_FAMILY = 1;
			};
			name = Debug;
		};
		4B8F69DC21F09A660074BFD1 /* Release */ = {
			isa = XCBuildConfiguration;
			baseConfigurationReference = 44DA1F545ACA6AD038C1E422 /* Pods-PerpTestTask.release.xcconfig */;
			buildSettings = {
				ASSETCATALOG_COMPILER_APPICON_NAME = AppIcon;
				CODE_SIGN_STYLE = Automatic;
				DEVELOPMENT_TEAM = Y8CF7ZMY8K;
				INFOPLIST_FILE = "$(SRCROOT)/Source/Application/Supporting Files/Info.plist";
				IPHONEOS_DEPLOYMENT_TARGET = 11.0;
				LD_RUNPATH_SEARCH_PATHS = (
					"$(inherited)",
					"@executable_path/Frameworks",
				);
				PRODUCT_BUNDLE_IDENTIFIER = com.yurafloka.PerpTestTask;
				PRODUCT_NAME = "$(TARGET_NAME)";
				SWIFT_VERSION = 4.2;
				TARGETED_DEVICE_FAMILY = 1;
			};
			name = Release;
		};
/* End XCBuildConfiguration section */

/* Begin XCConfigurationList section */
		4B8F69C321F09A630074BFD1 /* Build configuration list for PBXProject "PerpTestTask" */ = {
			isa = XCConfigurationList;
			buildConfigurations = (
				4B8F69D821F09A660074BFD1 /* Debug */,
				4B8F69D921F09A660074BFD1 /* Release */,
			);
			defaultConfigurationIsVisible = 0;
			defaultConfigurationName = Release;
		};
		4B8F69DA21F09A660074BFD1 /* Build configuration list for PBXNativeTarget "PerpTestTask" */ = {
			isa = XCConfigurationList;
			buildConfigurations = (
				4B8F69DB21F09A660074BFD1 /* Debug */,
				4B8F69DC21F09A660074BFD1 /* Release */,
			);
			defaultConfigurationIsVisible = 0;
			defaultConfigurationName = Release;
		};
/* End XCConfigurationList section */
	};
	rootObject = 4B8F69C021F09A630074BFD1 /* Project object */;
}
